
Microsoft Visual Studio Solution File, Format Version 12.00
# Visual Studio Version 17
VisualStudioVersion = 17.11.35312.102
MinimumVisualStudioVersion = 10.0.40219.1
Project("{FAE04EC0-301F-11D3-BF4B-00C04F79EFBC}") = "test_fullstack", "test_fullstack\test_fullstack.csproj", "{AEB1B822-BE1B-457B-AA14-E68C2CB47D14}"
EndProject
Global
	GlobalSection(SolutionConfigurationPlatforms) = preSolution
		Debug|Any CPU = Debug|Any CPU
		Release|Any CPU = Release|Any CPU
	EndGlobalSection
	GlobalSection(ProjectConfigurationPlatforms) = postSolution
		{AEB1B822-BE1B-457B-AA14-E68C2CB47D14}.Debug|Any CPU.ActiveCfg = Debug|Any CPU
		{AEB1B822-BE1B-457B-AA14-E68C2CB47D14}.Debug|Any CPU.Build.0 = Debug|Any CPU
		{AEB1B822-BE1B-457B-AA14-E68C2CB47D14}.Release|Any CPU.ActiveCfg = Release|Any CPU
		{AEB1B822-BE1B-457B-AA14-E68C2CB47D14}.Release|Any CPU.Build.0 = Release|Any CPU
	EndGlobalSection
	GlobalSection(SolutionProperties) = preSolution
		HideSolutionNode = FALSE
	EndGlobalSection
	GlobalSection(ExtensibilityGlobals) = postSolution
		SolutionGuid = {1C7571AA-7152-4623-8D44-63DED917A16A}
	EndGlobalSection
EndGlobal
